// !$*UTF8*$!
{
	archiveVersion = 1;
	classes = {
	};
	objectVersion = 46;
	objects = {

/* Begin PBXBuildFile section */
		CAC1534F1C9D229A00000146 /* AppDelegate.swift in Sources */ = {isa = PBXBuildFile; fileRef = CAC1534E1C9D229A00000146 /* AppDelegate.swift */; };
		CAC153511C9D229A00000146 /* ViewController.swift in Sources */ = {isa = PBXBuildFile; fileRef = CAC153501C9D229A00000146 /* ViewController.swift */; };
		CAC153541C9D229A00000146 /* Main.storyboard in Resources */ = {isa = PBXBuildFile; fileRef = CAC153521C9D229A00000146 /* Main.storyboard */; };
		CAC153561C9D229A00000146 /* Assets.xcassets in Resources */ = {isa = PBXBuildFile; fileRef = CAC153551C9D229A00000146 /* Assets.xcassets */; };
		CAC153591C9D229A00000146 /* LaunchScreen.storyboard in Resources */ = {isa = PBXBuildFile; fileRef = CAC153571C9D229A00000146 /* LaunchScreen.storyboard */; };
/* End PBXBuildFile section */

/* Begin PBXFileReference section */
		CAC1534B1C9D229A00000146 /* CalendarEvent.app */ = {isa = PBXFileReference; explicitFileType = wrapper.application; includeInIndex = 0; path = CalendarEvent.app; sourceTree = BUILT_PRODUCTS_DIR; };
		CAC1534E1C9D229A00000146 /* AppDelegate.swift */ = {isa = PBXFileReference; lastKnownFileType = sourcecode.swift; path = AppDelegate.swift; sourceTree = "<group>"; };
		CAC153501C9D229A00000146 /* ViewController.swift */ = {isa = PBXFileReference; lastKnownFileType = sourcecode.swift; path = ViewController.swift; sourceTree = "<group>"; };
		CAC153531C9D229A00000146 /* Base */ = {isa = PBXFileReference; lastKnownFileType = file.storyboard; name = Base; path = Base.lproj/Main.storyboard; sourceTree = "<group>"; };
		CAC153551C9D229A00000146 /* Assets.xcassets */ = {isa = PBXFileReference; lastKnownFileType = folder.assetcatalog; path = Assets.xcassets; sourceTree = "<group>"; };
		CAC153581C9D229A00000146 /* Base */ = {isa = PBXFileReference; lastKnownFileType = file.storyboard; name = Base; path = Base.lproj/LaunchScreen.storyboard; sourceTree = "<group>"; };
		CAC1535A1C9D229A00000146 /* Info.plist */ = {isa = PBXFileReference; lastKnownFileType = text.plist.xml; path = Info.plist; sourceTree = "<group>"; };
/* End PBXFileReference section */

/* Begin PBXFrameworksBuildPhase section */
		CAC153481C9D229A00000146 /* Frameworks */ = {
			isa = PBXFrameworksBuildPhase;
			buildActionMask = 2147483647;
			files = (
			);
			runOnlyForDeploymentPostprocessing = 0;
		};
/* End PBXFrameworksBuildPhase section */

/* Begin PBXGroup section */
		CAC153421C9D229A00000146 = {
			isa = PBXGroup;
			children = (
				CAC1534D1C9D229A00000146 /* CalendarEvent */,
				CAC1534C1C9D229A00000146 /* Products */,
			);
			sourceTree = "<group>";
		};
		CAC1534C1C9D229A00000146 /* Products */ = {
			isa = PBXGroup;
			children = (
				CAC1534B1C9D229A00000146 /* CalendarEvent.app */,
			);
			name = Products;
			sourceTree = "<group>";
		};
		CAC1534D1C9D229A00000146 /* CalendarEvent */ = {
			isa = PBXGroup;
			children = (
				CAC1534E1C9D229A00000146 /* AppDelegate.swift */,
				CAC153501C9D229A00000146 /* ViewController.swift */,
				CAC153521C9D229A00000146 /* Main.storyboard */,
				CAC153551C9D229A00000146 /* Assets.xcassets */,
				CAC153571C9D229A00000146 /* LaunchScreen.storyboard */,
				CAC1535A1C9D229A00000146 /* Info.plist */,
			);
			path = CalendarEvent;
			sourceTree = "<group>";
		};
/* End PBXGroup section */

/* Begin PBXNativeTarget section */
		CAC1534A1C9D229A00000146 /* CalendarEvent */ = {
			isa = PBXNativeTarget;
			buildConfigurationList = CAC1535D1C9D229A00000146 /* Build configuration list for PBXNativeTarget "CalendarEvent" */;
			buildPhases = (
				CAC153471C9D229A00000146 /* Sources */,
				CAC153481C9D229A00000146 /* Frameworks */,
				CAC153491C9D229A00000146 /* Resources */,
			);
			buildRules = (
			);
			dependencies = (
			);
			name = CalendarEvent;
			productName = CalendarEvent;
			productReference = CAC1534B1C9D229A00000146 /* CalendarEvent.app */;
			productType = "com.apple.product-type.application";
		};
/* End PBXNativeTarget section */

/* Begin PBXProject section */
		CAC153431C9D229A00000146 /* Project object */ = {
			isa = PBXProject;
			attributes = {
				LastSwiftUpdateCheck = 0720;
				LastUpgradeCheck = 0720;
				ORGANIZATIONNAME = prasanthi;
				TargetAttributes = {
					CAC1534A1C9D229A00000146 = {
						CreatedOnToolsVersion = 7.2.1;
					};
				};
			};
			buildConfigurationList = CAC153461C9D229A00000146 /* Build configuration list for PBXProject "CalendarEvent" */;
			compatibilityVersion = "Xcode 3.2";
			developmentRegion = English;
			hasScannedForEncodings = 0;
			knownRegions = (
				en,
				Base,
			);
			mainGroup = CAC153421C9D229A00000146;
			productRefGroup = CAC1534C1C9D229A00000146 /* Products */;
			projectDirPath = "";
			projectRoot = "";
			targets = (
				CAC1534A1C9D229A00000146 /* CalendarEvent */,
			);
		};
/* End PBXProject section */

/* Begin PBXResourcesBuildPhase section */
		CAC153491C9D229A00000146 /* Resources */ = {
			isa = PBXResourcesBuildPhase;
			buildActionMask = 2147483647;
			files = (
				CAC153591C9D229A00000146 /* LaunchScreen.storyboard in Resources */,
				CAC153561C9D229A00000146 /* Assets.xcassets in Resources */,
				CAC153541C9D229A00000146 /* Main.storyboard in Resources */,
			);
			runOnlyForDeploymentPostprocessing = 0;
		};
/* End PBXResourcesBuildPhase section */

/* Begin PBXSourcesBuildPhase section */
		CAC153471C9D229A00000146 /* Sources */ = {
			isa = PBXSourcesBuildPhase;
			buildActionMask = 2147483647;
			files = (
				CAC153511C9D229A00000146 /* ViewController.swift in Sources */,
				CAC1534F1C9D229A00000146 /* AppDelegate.swift in Sources */,
			);
			runOnlyForDeploymentPostprocessing = 0;
		};
/* End PBXSourcesBuildPhase section */

/* Begin PBXVariantGroup section */
		CAC153521C9D229A00000146 /* Main.storyboard */ = {
			isa = PBXVariantGroup;
			children = (
				CAC153531C9D229A00000146 /* Base */,
			);
			name = Main.storyboard;
			sourceTree = "<group>";
		};
		CAC153571C9D229A00000146 /* LaunchScreen.storyboard */ = {
			isa = PBXVariantGroup;
			children = (
				CAC153581C9D229A00000146 /* Base */,
			);
			name = LaunchScreen.storyboard;
			sourceTree = "<group>";
		};
/* End PBXVariantGroup section */

/* Begin XCBuildConfiguration section */
		CAC1535B1C9D229A00000146 /* Debug */ = {
			isa = XCBuildConfiguration;
			buildSettings = {
				ALWAYS_SEARCH_USER_PATHS = NO;
				CLANG_CXX_LANGUAGE_STANDARD = "gnu++0x";
				CLANG_CXX_LIBRARY = "libc++";
				CLANG_ENABLE_MODULES = YES;
				CLANG_ENABLE_OBJC_ARC = YES;
				CLANG_WARN_BOOL_CONVERSION = YES;
				CLANG_WARN_CONSTANT_CONVERSION = YES;
				CLANG_WARN_DIRECT_OBJC_ISA_USAGE = YES_ERROR;
				CLANG_WARN_EMPTY_BODY = YES;
				CLANG_WARN_ENUM_CONVERSION = YES;
				CLANG_WARN_INT_CONVERSION = YES;
				CLANG_WARN_OBJC_ROOT_CLASS = YES_ERROR;
				CLANG_WARN_UNREACHABLE_CODE = YES;
				CLANG_WARN__DUPLICATE_METHOD_MATCH = YES;
				"CODE_SIGN_IDENTITY[sdk=iphoneos*]" = "iPhone Developer";
				COPY_PHASE_STRIP = NO;
				DEBUG_INFORMATION_FORMAT = dwarf;
				ENABLE_STRICT_OBJC_MSGSEND = YES;
				ENABLE_TESTABILITY = YES;
				GCC_C_LANGUAGE_STANDARD = gnu99;
				GCC_DYNAMIC_NO_PIC = NO;
				GCC_NO_COMMON_BLOCKS = YES;
				GCC_OPTIMIZATION_LEVEL = 0;
				GCC_PREPROCESSOR_DEFINITIONS = (
					"DEBUG=1",
					"$(inherited)",
				);
				GCC_WARN_64_TO_32_BIT_CONVERSION = YES;
				GCC_WARN_ABOUT_RETURN_TYPE = YES_ERROR;
				GCC_WARN_UNDECLARED_SELECTOR = YES;
				GCC_WARN_UNINITIALIZED_AUTOS = YES_AGGRESSIVE;
				GCC_WARN_UNUSED_FUNCTION = YES;
				GCC_WARN_UNUSED_VARIABLE = YES;
				IPHONEOS_DEPLOYMENT_TARGET = 9.2;
				MTL_ENABLE_DEBUG_INFO = YES;
				ONLY_ACTIVE_ARCH = YES;
				SDKROOT = iphoneos;
				SWIFT_OPTIMIZATION_LEVEL = "-Onone";
			};
			name = Debug;
		};
		CAC1535C1C9D229A00000146 /* Release */ = {
			isa = XCBuildConfiguration;
			buildSettings = {
				ALWAYS_SEARCH_USER_PATHS = NO;
				CLANG_CXX_LANGUAGE_STANDARD = "gnu++0x";
				CLANG_CXX_LIBRARY = "libc++";
				CLANG_ENABLE_MODULES = YES;
				CLANG_ENABLE_OBJC_ARC = YES;
				CLANG_WARN_BOOL_CONVERSION = YES;
				CLANG_WARN_CONSTANT_CONVERSION = YES;
				CLANG_WARN_DIRECT_OBJC_ISA_USAGE = YES_ERROR;
				CLANG_WARN_EMPTY_BODY = YES;
				CLANG_WARN_ENUM_CONVERSION = YES;
				CLANG_WARN_INT_CONVERSION = YES;
				CLANG_WARN_OBJC_ROOT_CLASS = YES_ERROR;
				CLANG_WARN_UNREACHABLE_CODE = YES;
				CLANG_WARN__DUPLICATE_METHOD_MATCH = YES;
				"CODE_SIGN_IDENTITY[sdk=iphoneos*]" = "iPhone Developer";
				COPY_PHASE_STRIP = NO;
				DEBUG_INFORMATION_FORMAT = "dwarf-with-dsym";
				ENABLE_NS_ASSERTIONS = NO;
				ENABLE_STRICT_OBJC_MSGSEND = YES;
				GCC_C_LANGUAGE_STANDARD = gnu99;
				GCC_NO_COMMON_BLOCKS = YES;
				GCC_WARN_64_TO_32_BIT_CONVERSION = YES;
				GCC_WARN_ABOUT_RETURN_TYPE = YES_ERROR;
				GCC_WARN_UNDECLARED_SELECTOR = YES;
				GCC_WARN_UNINITIALIZED_AUTOS = YES_AGGRESSIVE;
				GCC_WARN_UNUSED_FUNCTION = YES;
				GCC_WARN_UNUSED_VARIABLE = YES;
				IPHONEOS_DEPLOYMENT_TARGET = 9.2;
				MTL_ENABLE_DEBUG_INFO = NO;
				SDKROOT = iphoneos;
				VALIDATE_PRODUCT = YES;
			};
			name = Release;
		};
		CAC1535E1C9D229A00000146 /* Debug */ = {
			isa = XCBuildConfiguration;
			buildSettings = {
				ASSETCATALOG_COMPILER_APPICON_NAME = AppIcon;
				INFOPLIST_FILE = CalendarEvent/Info.plist;
				LD_RUNPATH_SEARCH_PATHS = "$(inherited) @executable_path/Frameworks";
				PRODUCT_BUNDLE_IDENTIFIER = com.prasanthi.CalendarEvent;
				PRODUCT_NAME = "$(TARGET_NAME)";
			};
			name = Debug;
		};
		CAC1535F1C9D229A00000146 /* Release */ = {
			isa = XCBuildConfiguration;
			buildSettings = {
				ASSETCATALOG_COMPILER_APPICON_NAME = AppIcon;
				INFOPLIST_FILE = CalendarEvent/Info.plist;
				LD_RUNPATH_SEARCH_PATHS = "$(inherited) @executable_path/Frameworks";
				PRODUCT_BUNDLE_IDENTIFIER = com.prasanthi.CalendarEvent;
				PRODUCT_NAME = "$(TARGET_NAME)";
			};
			name = Release;
		};
/* End XCBuildConfiguration section */

/* Begin XCConfigurationList section */
		CAC153461C9D229A00000146 /* Build configuration list for PBXProject "CalendarEvent" */ = {
			isa = XCConfigurationList;
			buildConfigurations = (
				CAC1535B1C9D229A00000146 /* Debug */,
				CAC1535C1C9D229A00000146 /* Release */,
			);
			defaultConfigurationIsVisible = 0;
			defaultConfigurationName = Release;
		};
		CAC1535D1C9D229A00000146 /* Build configuration list for PBXNativeTarget "CalendarEvent" */ = {
			isa = XCConfigurationList;
			buildConfigurations = (
				CAC1535E1C9D229A00000146 /* Debug */,
				CAC1535F1C9D229A00000146 /* Release */,
			);
			defaultConfigurationIsVisible = 0;
		};
/* End XCConfigurationList section */
	};
	rootObject = CAC153431C9D229A00000146 /* Project object */;
}
